
Microsoft Visual Studio Solution File, Format Version 12.00
# Visual Studio Version 16
VisualStudioVersion = 16.0.30413.136
MinimumVisualStudioVersion = 10.0.40219.1
Project("{FAE04EC0-301F-11D3-BF4B-00C04F79EFBC}") = "DerivcoTest.FibonacciApi", "DerivcoTest.FibonacciApi\DerivcoTest.FibonacciApi.csproj", "{434C98DA-F705-4E2A-AC9F-6EE3D9BA6342}"
EndProject
Global
	GlobalSection(SolutionConfigurationPlatforms) = preSolution
		Debug|Any CPU = Debug|Any CPU
		Release|Any CPU = Release|Any CPU
	EndGlobalSection
	GlobalSection(ProjectConfigurationPlatforms) = postSolution
		{434C98DA-F705-4E2A-AC9F-6EE3D9BA6342}.Debug|Any CPU.ActiveCfg = Debug|Any CPU
		{434C98DA-F705-4E2A-AC9F-6EE3D9BA6342}.Debug|Any CPU.Build.0 = Debug|Any CPU
		{434C98DA-F705-4E2A-AC9F-6EE3D9BA6342}.Release|Any CPU.ActiveCfg = Release|Any CPU
		{434C98DA-F705-4E2A-AC9F-6EE3D9BA6342}.Release|Any CPU.Build.0 = Release|Any CPU
	EndGlobalSection
	GlobalSection(SolutionProperties) = preSolution
		HideSolutionNode = FALSE
	EndGlobalSection
	GlobalSection(ExtensibilityGlobals) = postSolution
		SolutionGuid = {56E7AD2D-5823-4122-8489-F7D1936A320F}
	EndGlobalSection
EndGlobal
